// !$*UTF8*$!
{
	archiveVersion = 1;
	classes = {
	};
	objectVersion = 46;
	objects = {

/* Begin PBXBuildFile section */
		6F0726F21F61C76B00D0F642 /* Pin.swift in Sources */ = {isa = PBXBuildFile; fileRef = 6F0726F11F61C76B00D0F642 /* Pin.swift */; };
		6F0726F41F61CE4000D0F642 /* PinAnnotation.swift in Sources */ = {isa = PBXBuildFile; fileRef = 6F0726F31F61CE4000D0F642 /* PinAnnotation.swift */; };
		6F33ECFC1F5B1D30002600F6 /* AppDelegate.swift in Sources */ = {isa = PBXBuildFile; fileRef = 6F33ECFB1F5B1D30002600F6 /* AppDelegate.swift */; };
		6F33ECFE1F5B1D30002600F6 /* MapViewController.swift in Sources */ = {isa = PBXBuildFile; fileRef = 6F33ECFD1F5B1D30002600F6 /* MapViewController.swift */; };
		6F33ED011F5B1D30002600F6 /* Main.storyboard in Resources */ = {isa = PBXBuildFile; fileRef = 6F33ECFF1F5B1D30002600F6 /* Main.storyboard */; };
		6F33ED041F5B1D30002600F6 /* Virtual_Tourist.xcdatamodeld in Sources */ = {isa = PBXBuildFile; fileRef = 6F33ED021F5B1D30002600F6 /* Virtual_Tourist.xcdatamodeld */; };
		6F33ED061F5B1D30002600F6 /* Assets.xcassets in Resources */ = {isa = PBXBuildFile; fileRef = 6F33ED051F5B1D30002600F6 /* Assets.xcassets */; };
		6F33ED091F5B1D30002600F6 /* LaunchScreen.storyboard in Resources */ = {isa = PBXBuildFile; fileRef = 6F33ED071F5B1D30002600F6 /* LaunchScreen.storyboard */; };
		6F6C2DCC1F5B2EF80027CEFF /* PhotoAlbumViewController.swift in Sources */ = {isa = PBXBuildFile; fileRef = 6F6C2DCB1F5B2EF80027CEFF /* PhotoAlbumViewController.swift */; };
		6F8EBB041F5B39CA00675E42 /* Foundation.framework in Frameworks */ = {isa = PBXBuildFile; fileRef = 6F8EBB031F5B39CA00675E42 /* Foundation.framework */; };
/* End PBXBuildFile section */

/* Begin PBXFileReference section */
		6F0726F11F61C76B00D0F642 /* Pin.swift */ = {isa = PBXFileReference; lastKnownFileType = sourcecode.swift; path = Pin.swift; sourceTree = "<group>"; };
		6F0726F31F61CE4000D0F642 /* PinAnnotation.swift */ = {isa = PBXFileReference; lastKnownFileType = sourcecode.swift; path = PinAnnotation.swift; sourceTree = "<group>"; };
		6F33ECF81F5B1D30002600F6 /* Virtual Tourist.app */ = {isa = PBXFileReference; explicitFileType = wrapper.application; includeInIndex = 0; path = "Virtual Tourist.app"; sourceTree = BUILT_PRODUCTS_DIR; };
		6F33ECFB1F5B1D30002600F6 /* AppDelegate.swift */ = {isa = PBXFileReference; lastKnownFileType = sourcecode.swift; path = AppDelegate.swift; sourceTree = "<group>"; };
		6F33ECFD1F5B1D30002600F6 /* MapViewController.swift */ = {isa = PBXFileReference; lastKnownFileType = sourcecode.swift; path = MapViewController.swift; sourceTree = "<group>"; };
		6F33ED001F5B1D30002600F6 /* Base */ = {isa = PBXFileReference; lastKnownFileType = file.storyboard; name = Base; path = Base.lproj/Main.storyboard; sourceTree = "<group>"; };
		6F33ED031F5B1D30002600F6 /* Virtual_Tourist.xcdatamodel */ = {isa = PBXFileReference; lastKnownFileType = wrapper.xcdatamodel; path = Virtual_Tourist.xcdatamodel; sourceTree = "<group>"; };
		6F33ED051F5B1D30002600F6 /* Assets.xcassets */ = {isa = PBXFileReference; lastKnownFileType = folder.assetcatalog; path = Assets.xcassets; sourceTree = "<group>"; };
		6F33ED081F5B1D30002600F6 /* Base */ = {isa = PBXFileReference; lastKnownFileType = file.storyboard; name = Base; path = Base.lproj/LaunchScreen.storyboard; sourceTree = "<group>"; };
		6F33ED0A1F5B1D30002600F6 /* Info.plist */ = {isa = PBXFileReference; lastKnownFileType = text.plist.xml; path = Info.plist; sourceTree = "<group>"; };
		6F6C2DCB1F5B2EF80027CEFF /* PhotoAlbumViewController.swift */ = {isa = PBXFileReference; lastKnownFileType = sourcecode.swift; path = PhotoAlbumViewController.swift; sourceTree = "<group>"; };
		6F8EBB031F5B39CA00675E42 /* Foundation.framework */ = {isa = PBXFileReference; lastKnownFileType = wrapper.framework; name = Foundation.framework; path = System/Library/Frameworks/Foundation.framework; sourceTree = SDKROOT; };
/* End PBXFileReference section */

/* Begin PBXFrameworksBuildPhase section */
		6F33ECF51F5B1D30002600F6 /* Frameworks */ = {
			isa = PBXFrameworksBuildPhase;
			buildActionMask = 2147483647;
			files = (
				6F8EBB041F5B39CA00675E42 /* Foundation.framework in Frameworks */,
			);
			runOnlyForDeploymentPostprocessing = 0;
		};
/* End PBXFrameworksBuildPhase section */

/* Begin PBXGroup section */
		6F0726F51F61D4D300D0F642 /* Pin */ = {
			isa = PBXGroup;
			children = (
				6F0726F11F61C76B00D0F642 /* Pin.swift */,
				6F0726F31F61CE4000D0F642 /* PinAnnotation.swift */,
			);
			path = Pin;
			sourceTree = "<group>";
		};
		6F0726F61F61D4E200D0F642 /* Models */ = {
			isa = PBXGroup;
			children = (
				6F0726F51F61D4D300D0F642 /* Pin */,
			);
			path = Models;
			sourceTree = "<group>";
		};
		6F0726F71F61D4EC00D0F642 /* CoreData */ = {
			isa = PBXGroup;
			children = (
				6F0726F61F61D4E200D0F642 /* Models */,
				6F33ED021F5B1D30002600F6 /* Virtual_Tourist.xcdatamodeld */,
			);
			path = CoreData;
			sourceTree = "<group>";
		};
		6F0726F81F61D50900D0F642 /* Other */ = {
			isa = PBXGroup;
			children = (
				6F33ED051F5B1D30002600F6 /* Assets.xcassets */,
				6F33ED071F5B1D30002600F6 /* LaunchScreen.storyboard */,
				6F33ED0A1F5B1D30002600F6 /* Info.plist */,
			);
			path = Other;
			sourceTree = "<group>";
		};
		6F33ECEF1F5B1D2F002600F6 = {
			isa = PBXGroup;
			children = (
				6F33ECFA1F5B1D30002600F6 /* Virtual Tourist */,
				6F33ECF91F5B1D30002600F6 /* Products */,
				6F8EBB021F5B39CA00675E42 /* Frameworks */,
			);
			sourceTree = "<group>";
		};
		6F33ECF91F5B1D30002600F6 /* Products */ = {
			isa = PBXGroup;
			children = (
				6F33ECF81F5B1D30002600F6 /* Virtual Tourist.app */,
			);
			name = Products;
			sourceTree = "<group>";
		};
		6F33ECFA1F5B1D30002600F6 /* Virtual Tourist */ = {
			isa = PBXGroup;
			children = (
				6F33ECFB1F5B1D30002600F6 /* AppDelegate.swift */,
				6F33ECFF1F5B1D30002600F6 /* Main.storyboard */,
				6F0726F71F61D4EC00D0F642 /* CoreData */,
				6FE8858D1F5B21B700472DFB /* ViewControllers */,
				6F0726F81F61D50900D0F642 /* Other */,
			);
			path = "Virtual Tourist";
			sourceTree = "<group>";
		};
		6F8EBB021F5B39CA00675E42 /* Frameworks */ = {
			isa = PBXGroup;
			children = (
				6F8EBB031F5B39CA00675E42 /* Foundation.framework */,
			);
			name = Frameworks;
			sourceTree = "<group>";
		};
		6FE8858D1F5B21B700472DFB /* ViewControllers */ = {
			isa = PBXGroup;
			children = (
				6F33ECFD1F5B1D30002600F6 /* MapViewController.swift */,
				6F6C2DCB1F5B2EF80027CEFF /* PhotoAlbumViewController.swift */,
			);
			path = ViewControllers;
			sourceTree = "<group>";
		};
/* End PBXGroup section */

/* Begin PBXNativeTarget section */
		6F33ECF71F5B1D30002600F6 /* Virtual Tourist */ = {
			isa = PBXNativeTarget;
			buildConfigurationList = 6F33ED0D1F5B1D30002600F6 /* Build configuration list for PBXNativeTarget "Virtual Tourist" */;
			buildPhases = (
				6F33ECF41F5B1D30002600F6 /* Sources */,
				6F33ECF51F5B1D30002600F6 /* Frameworks */,
				6F33ECF61F5B1D30002600F6 /* Resources */,
			);
			buildRules = (
			);
			dependencies = (
			);
			name = "Virtual Tourist";
			productName = "Virtual Tourist";
			productReference = 6F33ECF81F5B1D30002600F6 /* Virtual Tourist.app */;
			productType = "com.apple.product-type.application";
		};
/* End PBXNativeTarget section */

/* Begin PBXProject section */
		6F33ECF01F5B1D2F002600F6 /* Project object */ = {
			isa = PBXProject;
			attributes = {
				LastSwiftUpdateCheck = 0830;
				LastUpgradeCheck = 0900;
				ORGANIZATIONNAME = "Petra Donka";
				TargetAttributes = {
					6F33ECF71F5B1D30002600F6 = {
						CreatedOnToolsVersion = 8.3.3;
						DevelopmentTeam = 5TPXC7NZXH;
						ProvisioningStyle = Automatic;
					};
				};
			};
			buildConfigurationList = 6F33ECF31F5B1D2F002600F6 /* Build configuration list for PBXProject "Virtual Tourist" */;
			compatibilityVersion = "Xcode 3.2";
			developmentRegion = English;
			hasScannedForEncodings = 0;
			knownRegions = (
				en,
				Base,
			);
			mainGroup = 6F33ECEF1F5B1D2F002600F6;
			productRefGroup = 6F33ECF91F5B1D30002600F6 /* Products */;
			projectDirPath = "";
			projectRoot = "";
			targets = (
				6F33ECF71F5B1D30002600F6 /* Virtual Tourist */,
			);
		};
/* End PBXProject section */

/* Begin PBXResourcesBuildPhase section */
		6F33ECF61F5B1D30002600F6 /* Resources */ = {
			isa = PBXResourcesBuildPhase;
			buildActionMask = 2147483647;
			files = (
				6F33ED091F5B1D30002600F6 /* LaunchScreen.storyboard in Resources */,
				6F33ED061F5B1D30002600F6 /* Assets.xcassets in Resources */,
				6F33ED011F5B1D30002600F6 /* Main.storyboard in Resources */,
			);
			runOnlyForDeploymentPostprocessing = 0;
		};
/* End PBXResourcesBuildPhase section */

/* Begin PBXSourcesBuildPhase section */
		6F33ECF41F5B1D30002600F6 /* Sources */ = {
			isa = PBXSourcesBuildPhase;
			buildActionMask = 2147483647;
			files = (
				6F0726F21F61C76B00D0F642 /* Pin.swift in Sources */,
				6F33ECFE1F5B1D30002600F6 /* MapViewController.swift in Sources */,
				6F33ED041F5B1D30002600F6 /* Virtual_Tourist.xcdatamodeld in Sources */,
				6F33ECFC1F5B1D30002600F6 /* AppDelegate.swift in Sources */,
				6F0726F41F61CE4000D0F642 /* PinAnnotation.swift in Sources */,
				6F6C2DCC1F5B2EF80027CEFF /* PhotoAlbumViewController.swift in Sources */,
			);
			runOnlyForDeploymentPostprocessing = 0;
		};
/* End PBXSourcesBuildPhase section */

/* Begin PBXVariantGroup section */
		6F33ECFF1F5B1D30002600F6 /* Main.storyboard */ = {
			isa = PBXVariantGroup;
			children = (
				6F33ED001F5B1D30002600F6 /* Base */,
			);
			name = Main.storyboard;
			sourceTree = "<group>";
		};
		6F33ED071F5B1D30002600F6 /* LaunchScreen.storyboard */ = {
			isa = PBXVariantGroup;
			children = (
				6F33ED081F5B1D30002600F6 /* Base */,
			);
			name = LaunchScreen.storyboard;
			sourceTree = "<group>";
		};
/* End PBXVariantGroup section */

/* Begin XCBuildConfiguration section */
		6F33ED0B1F5B1D30002600F6 /* Debug */ = {
			isa = XCBuildConfiguration;
			buildSettings = {
				ALWAYS_SEARCH_USER_PATHS = NO;
				CLANG_ANALYZER_NONNULL = YES;
				CLANG_ANALYZER_NUMBER_OBJECT_CONVERSION = YES_AGGRESSIVE;
				CLANG_CXX_LANGUAGE_STANDARD = "gnu++0x";
				CLANG_CXX_LIBRARY = "libc++";
				CLANG_ENABLE_MODULES = YES;
				CLANG_ENABLE_OBJC_ARC = YES;
				CLANG_WARN_BLOCK_CAPTURE_AUTORELEASING = YES;
				CLANG_WARN_BOOL_CONVERSION = YES;
				CLANG_WARN_COMMA = YES;
				CLANG_WARN_CONSTANT_CONVERSION = YES;
				CLANG_WARN_DIRECT_OBJC_ISA_USAGE = YES_ERROR;
				CLANG_WARN_DOCUMENTATION_COMMENTS = YES;
				CLANG_WARN_EMPTY_BODY = YES;
				CLANG_WARN_ENUM_CONVERSION = YES;
				CLANG_WARN_INFINITE_RECURSION = YES;
				CLANG_WARN_INT_CONVERSION = YES;
				CLANG_WARN_NON_LITERAL_NULL_CONVERSION = YES;
				CLANG_WARN_OBJC_LITERAL_CONVERSION = YES;
				CLANG_WARN_OBJC_ROOT_CLASS = YES_ERROR;
				CLANG_WARN_RANGE_LOOP_ANALYSIS = YES;
				CLANG_WARN_STRICT_PROTOTYPES = YES;
				CLANG_WARN_SUSPICIOUS_MOVE = YES;
				CLANG_WARN_UNREACHABLE_CODE = YES;
				CLANG_WARN__DUPLICATE_METHOD_MATCH = YES;
				"CODE_SIGN_IDENTITY[sdk=iphoneos*]" = "iPhone Developer";
				COPY_PHASE_STRIP = NO;
				DEBUG_INFORMATION_FORMAT = dwarf;
				ENABLE_STRICT_OBJC_MSGSEND = YES;
				ENABLE_TESTABILITY = YES;
				GCC_C_LANGUAGE_STANDARD = gnu99;
				GCC_DYNAMIC_NO_PIC = NO;
				GCC_NO_COMMON_BLOCKS = YES;
				GCC_OPTIMIZATION_LEVEL = 0;
				GCC_PREPROCESSOR_DEFINITIONS = (
					"DEBUG=1",
					"$(inherited)",
				);
				GCC_WARN_64_TO_32_BIT_CONVERSION = YES;
				GCC_WARN_ABOUT_RETURN_TYPE = YES_ERROR;
				GCC_WARN_UNDECLARED_SELECTOR = YES;
				GCC_WARN_UNINITIALIZED_AUTOS = YES_AGGRESSIVE;
				GCC_WARN_UNUSED_FUNCTION = YES;
				GCC_WARN_UNUSED_VARIABLE = YES;
				IPHONEOS_DEPLOYMENT_TARGET = 10.3;
				MTL_ENABLE_DEBUG_INFO = YES;
				ONLY_ACTIVE_ARCH = YES;
				SDKROOT = iphoneos;
				SWIFT_ACTIVE_COMPILATION_CONDITIONS = DEBUG;
				SWIFT_OPTIMIZATION_LEVEL = "-Onone";
				TARGETED_DEVICE_FAMILY = "1,2";
			};
			name = Debug;
		};
		6F33ED0C1F5B1D30002600F6 /* Release */ = {
			isa = XCBuildConfiguration;
			buildSettings = {
				ALWAYS_SEARCH_USER_PATHS = NO;
				CLANG_ANALYZER_NONNULL = YES;
				CLANG_ANALYZER_NUMBER_OBJECT_CONVERSION = YES_AGGRESSIVE;
				CLANG_CXX_LANGUAGE_STANDARD = "gnu++0x";
				CLANG_CXX_LIBRARY = "libc++";
				CLANG_ENABLE_MODULES = YES;
				CLANG_ENABLE_OBJC_ARC = YES;
				CLANG_WARN_BLOCK_CAPTURE_AUTORELEASING = YES;
				CLANG_WARN_BOOL_CONVERSION = YES;
				CLANG_WARN_COMMA = YES;
				CLANG_WARN_CONSTANT_CONVERSION = YES;
				CLANG_WARN_DIRECT_OBJC_ISA_USAGE = YES_ERROR;
				CLANG_WARN_DOCUMENTATION_COMMENTS = YES;
				CLANG_WARN_EMPTY_BODY = YES;
				CLANG_WARN_ENUM_CONVERSION = YES;
				CLANG_WARN_INFINITE_RECURSION = YES;
				CLANG_WARN_INT_CONVERSION = YES;
				CLANG_WARN_NON_LITERAL_NULL_CONVERSION = YES;
				CLANG_WARN_OBJC_LITERAL_CONVERSION = YES;
				CLANG_WARN_OBJC_ROOT_CLASS = YES_ERROR;
				CLANG_WARN_RANGE_LOOP_ANALYSIS = YES;
				CLANG_WARN_STRICT_PROTOTYPES = YES;
				CLANG_WARN_SUSPICIOUS_MOVE = YES;
				CLANG_WARN_UNREACHABLE_CODE = YES;
				CLANG_WARN__DUPLICATE_METHOD_MATCH = YES;
				"CODE_SIGN_IDENTITY[sdk=iphoneos*]" = "iPhone Developer";
				COPY_PHASE_STRIP = NO;
				DEBUG_INFORMATION_FORMAT = "dwarf-with-dsym";
				ENABLE_NS_ASSERTIONS = NO;
				ENABLE_STRICT_OBJC_MSGSEND = YES;
				GCC_C_LANGUAGE_STANDARD = gnu99;
				GCC_NO_COMMON_BLOCKS = YES;
				GCC_WARN_64_TO_32_BIT_CONVERSION = YES;
				GCC_WARN_ABOUT_RETURN_TYPE = YES_ERROR;
				GCC_WARN_UNDECLARED_SELECTOR = YES;
				GCC_WARN_UNINITIALIZED_AUTOS = YES_AGGRESSIVE;
				GCC_WARN_UNUSED_FUNCTION = YES;
				GCC_WARN_UNUSED_VARIABLE = YES;
				IPHONEOS_DEPLOYMENT_TARGET = 10.3;
				MTL_ENABLE_DEBUG_INFO = NO;
				SDKROOT = iphoneos;
				SWIFT_OPTIMIZATION_LEVEL = "-Owholemodule";
				TARGETED_DEVICE_FAMILY = "1,2";
				VALIDATE_PRODUCT = YES;
			};
			name = Release;
		};
		6F33ED0E1F5B1D30002600F6 /* Debug */ = {
			isa = XCBuildConfiguration;
			buildSettings = {
				ASSETCATALOG_COMPILER_APPICON_NAME = AppIcon;
				DEVELOPMENT_TEAM = 5TPXC7NZXH;
				INFOPLIST_FILE = "Virtual Tourist/Info.plist";
				LD_RUNPATH_SEARCH_PATHS = "$(inherited) @executable_path/Frameworks";
				PRODUCT_BUNDLE_IDENTIFIER = "com.petradonka.Virtual-Tourist";
				PRODUCT_NAME = "$(TARGET_NAME)";
				SWIFT_VERSION = 3.0;
			};
			name = Debug;
		};
		6F33ED0F1F5B1D30002600F6 /* Release */ = {
			isa = XCBuildConfiguration;
			buildSettings = {
				ASSETCATALOG_COMPILER_APPICON_NAME = AppIcon;
				DEVELOPMENT_TEAM = 5TPXC7NZXH;
				INFOPLIST_FILE = "Virtual Tourist/Info.plist";
				LD_RUNPATH_SEARCH_PATHS = "$(inherited) @executable_path/Frameworks";
				PRODUCT_BUNDLE_IDENTIFIER = "com.petradonka.Virtual-Tourist";
				PRODUCT_NAME = "$(TARGET_NAME)";
				SWIFT_VERSION = 3.0;
			};
			name = Release;
		};
/* End XCBuildConfiguration section */

/* Begin XCConfigurationList section */
		6F33ECF31F5B1D2F002600F6 /* Build configuration list for PBXProject "Virtual Tourist" */ = {
			isa = XCConfigurationList;
			buildConfigurations = (
				6F33ED0B1F5B1D30002600F6 /* Debug */,
				6F33ED0C1F5B1D30002600F6 /* Release */,
			);
			defaultConfigurationIsVisible = 0;
			defaultConfigurationName = Release;
		};
		6F33ED0D1F5B1D30002600F6 /* Build configuration list for PBXNativeTarget "Virtual Tourist" */ = {
			isa = XCConfigurationList;
			buildConfigurations = (
				6F33ED0E1F5B1D30002600F6 /* Debug */,
				6F33ED0F1F5B1D30002600F6 /* Release */,
			);
			defaultConfigurationIsVisible = 0;
			defaultConfigurationName = Release;
		};
/* End XCConfigurationList section */

/* Begin XCVersionGroup section */
		6F33ED021F5B1D30002600F6 /* Virtual_Tourist.xcdatamodeld */ = {
			isa = XCVersionGroup;
			children = (
				6F33ED031F5B1D30002600F6 /* Virtual_Tourist.xcdatamodel */,
			);
			currentVersion = 6F33ED031F5B1D30002600F6 /* Virtual_Tourist.xcdatamodel */;
			path = Virtual_Tourist.xcdatamodeld;
			sourceTree = "<group>";
			versionGroupType = wrapper.xcdatamodel;
		};
/* End XCVersionGroup section */
	};
	rootObject = 6F33ECF01F5B1D2F002600F6 /* Project object */;
}
